Microsoft Visual Studio Solution File, Format Version 12.00
# Visual Studio 15
VisualStudioVersion = 15.0.27130.2010
MinimumVisualStudioVersion = 15.0.26124.0
Project("{2150E333-8FDC-42A3-9474-1A3956D46DE8}") = "Core", "Core", "{7D8D0EC1-568E-486F-91FF-EFAAE41266D7}"
EndProject
Project("{9A19103F-16F7-4668-BE54-9A1E7A4F7556}") = "Camoran.Japper.Operation", "Camoran.Japper.Operation\Camoran.Japper.Operation.csproj", "{B438F428-B2DC-4D7A-A4F5-01F96CA269DC}"
EndProject
Project("{2150E333-8FDC-42A3-9474-1A3956D46DE8}") = "Test", "Test", "{AC228123-179F-469E-97F6-E43FEE7F26B3}"
EndProject
Project("{9A19103F-16F7-4668-BE54-9A1E7A4F7556}") = "Camoran.Japper", "Camoran.Japper\Camoran.Japper.csproj", "{862D1321-1B9F-4E75-966B-ED936454CC22}"
EndProject
Global
	GlobalSection(SolutionConfigurationPlatforms) = preSolution
		Debug|Any CPU = Debug|Any CPU
		Debug|x64 = Debug|x64
		Debug|x86 = Debug|x86
		Release|Any CPU = Release|Any CPU
		Release|x64 = Release|x64
		Release|x86 = Release|x86
	EndGlobalSection
	GlobalSection(ProjectConfigurationPlatforms) = postSolution
		{B438F428-B2DC-4D7A-A4F5-01F96CA269DC}.Debug|Any CPU.ActiveCfg = Debug|Any CPU
		{B438F428-B2DC-4D7A-A4F5-01F96CA269DC}.Debug|Any CPU.Build.0 = Debug|Any CPU
		{B438F428-B2DC-4D7A-A4F5-01F96CA269DC}.Debug|x64.ActiveCfg = Debug|Any CPU
		{B438F428-B2DC-4D7A-A4F5-01F96CA269DC}.Debug|x64.Build.0 = Debug|Any CPU
		{B438F428-B2DC-4D7A-A4F5-01F96CA269DC}.Debug|x86.ActiveCfg = Debug|Any CPU
		{B438F428-B2DC-4D7A-A4F5-01F96CA269DC}.Debug|x86.Build.0 = Debug|Any CPU
		{B438F428-B2DC-4D7A-A4F5-01F96CA269DC}.Release|Any CPU.ActiveCfg = Release|Any CPU
		{B438F428-B2DC-4D7A-A4F5-01F96CA269DC}.Release|Any CPU.Build.0 = Release|Any CPU
		{B438F428-B2DC-4D7A-A4F5-01F96CA269DC}.Release|x64.ActiveCfg = Release|Any CPU
		{B438F428-B2DC-4D7A-A4F5-01F96CA269DC}.Release|x64.Build.0 = Release|Any CPU
		{B438F428-B2DC-4D7A-A4F5-01F96CA269DC}.Release|x86.ActiveCfg = Release|Any CPU
		{B438F428-B2DC-4D7A-A4F5-01F96CA269DC}.Release|x86.Build.0 = Release|Any CPU
		{862D1321-1B9F-4E75-966B-ED936454CC22}.Debug|Any CPU.ActiveCfg = Debug|Any CPU
		{862D1321-1B9F-4E75-966B-ED936454CC22}.Debug|Any CPU.Build.0 = Debug|Any CPU
		{862D1321-1B9F-4E75-966B-ED936454CC22}.Debug|x64.ActiveCfg = Debug|Any CPU
		{862D1321-1B9F-4E75-966B-ED936454CC22}.Debug|x64.Build.0 = Debug|Any CPU
		{862D1321-1B9F-4E75-966B-ED936454CC22}.Debug|x86.ActiveCfg = Debug|Any CPU
		{862D1321-1B9F-4E75-966B-ED936454CC22}.Debug|x86.Build.0 = Debug|Any CPU
		{862D1321-1B9F-4E75-966B-ED936454CC22}.Release|Any CPU.ActiveCfg = Release|Any CPU
		{862D1321-1B9F-4E75-966B-ED936454CC22}.Release|Any CPU.Build.0 = Release|Any CPU
		{862D1321-1B9F-4E75-966B-ED936454CC22}.Release|x64.ActiveCfg = Release|Any CPU
		{862D1321-1B9F-4E75-966B-ED936454CC22}.Release|x64.Build.0 = Release|Any CPU
		{862D1321-1B9F-4E75-966B-ED936454CC22}.Release|x86.ActiveCfg = Release|Any CPU
		{862D1321-1B9F-4E75-966B-ED936454CC22}.Release|x86.Build.0 = Release|Any CPU
	EndGlobalSection
	GlobalSection(SolutionProperties) = preSolution
		HideSolutionNode = FALSE
	EndGlobalSection
	GlobalSection(NestedProjects) = preSolution
		{B438F428-B2DC-4D7A-A4F5-01F96CA269DC} = {7D8D0EC1-568E-486F-91FF-EFAAE41266D7}
		{862D1321-1B9F-4E75-966B-ED936454CC22} = {7D8D0EC1-568E-486F-91FF-EFAAE41266D7}
	EndGlobalSection
	GlobalSection(ExtensibilityGlobals) = postSolution
		SolutionGuid = {9D896B01-459E-443D-82B1-0BE5CE6480A4}
	EndGlobalSection
EndGlobal
